
Microsoft Visual Studio Solution File, Format Version 12.00
# Visual Studio Version 16
VisualStudioVersion = 16.0.32228.343
MinimumVisualStudioVersion = 10.0.40219.1
Project("{FAE04EC0-301F-11D3-BF4B-00C04F79EFBC}") = "DZ20", "DZ20\DZ20.csproj", "{4A066840-D5F3-498F-B96A-3959E186F105}"
EndProject
Global
	GlobalSection(SolutionConfigurationPlatforms) = preSolution
		Debug|Any CPU = Debug|Any CPU
		Release|Any CPU = Release|Any CPU
	EndGlobalSection
	GlobalSection(ProjectConfigurationPlatforms) = postSolution
		{4A066840-D5F3-498F-B96A-3959E186F105}.Debug|Any CPU.ActiveCfg = Debug|Any CPU
		{4A066840-D5F3-498F-B96A-3959E186F105}.Debug|Any CPU.Build.0 = Debug|Any CPU
		{4A066840-D5F3-498F-B96A-3959E186F105}.Release|Any CPU.ActiveCfg = Release|Any CPU
		{4A066840-D5F3-498F-B96A-3959E186F105}.Release|Any CPU.Build.0 = Release|Any CPU
	EndGlobalSection
	GlobalSection(SolutionProperties) = preSolution
		HideSolutionNode = FALSE
	EndGlobalSection
	GlobalSection(ExtensibilityGlobals) = postSolution
		SolutionGuid = {FCF434B1-3875-490F-895B-85EAA8F66CA4}
	EndGlobalSection
EndGlobal
